// !$*UTF8*$!
{
	archiveVersion = 1;
	classes = {
	};
	objectVersion = 50;
	objects = {

/* Begin PBXBuildFile section */
		2D08D4A9266879E7006BD687 /* HomeView.swift in Sources */ = {isa = PBXBuildFile; fileRef = 2D08D4A8266879E7006BD687 /* HomeView.swift */; };
		2D08D4AB26688262006BD687 /* HexToUIColor.swift in Sources */ = {isa = PBXBuildFile; fileRef = 2D08D4AA26688262006BD687 /* HexToUIColor.swift */; };
		2D08D4AD26688719006BD687 /* APICaller.swift in Sources */ = {isa = PBXBuildFile; fileRef = 2D08D4AC26688719006BD687 /* APICaller.swift */; };
		2D62E137265F043C0007B1B7 /* KetchumApp.swift in Sources */ = {isa = PBXBuildFile; fileRef = 2D62E136265F043C0007B1B7 /* KetchumApp.swift */; };
		2D62E139265F043C0007B1B7 /* ContentView.swift in Sources */ = {isa = PBXBuildFile; fileRef = 2D62E138265F043C0007B1B7 /* ContentView.swift */; };
		2D62E13B265F04480007B1B7 /* Assets.xcassets in Resources */ = {isa = PBXBuildFile; fileRef = 2D62E13A265F04480007B1B7 /* Assets.xcassets */; };
		2D62E13E265F04480007B1B7 /* Preview Assets.xcassets in Resources */ = {isa = PBXBuildFile; fileRef = 2D62E13D265F04480007B1B7 /* Preview Assets.xcassets */; };
		2D8FE845266D8EFE00D17351 /* ImageLoader.swift in Sources */ = {isa = PBXBuildFile; fileRef = 2D8FE844266D8EFE00D17351 /* ImageLoader.swift */; };
		2D8FE847266D93C300D17351 /* ImageFromURLView.swift in Sources */ = {isa = PBXBuildFile; fileRef = 2D8FE846266D93C300D17351 /* ImageFromURLView.swift */; };
		2DAAC269266832EC0019D849 /* CardDataModel.swift in Sources */ = {isa = PBXBuildFile; fileRef = 2DAAC268266832EC0019D849 /* CardDataModel.swift */; };
		2DBFCA56266D7FC60027A94B /* SearchResultsView.swift in Sources */ = {isa = PBXBuildFile; fileRef = 2DBFCA55266D7FC60027A94B /* SearchResultsView.swift */; };
		5E10FE0A26696D83000BE6C1 /* Comparison.swift in Sources */ = {isa = PBXBuildFile; fileRef = 5E10FE0926696D83000BE6C1 /* Comparison.swift */; };
		5E4275B72669D1E000906C26 /* AnimateSplash.swift in Sources */ = {isa = PBXBuildFile; fileRef = 5E4275B62669D1E000906C26 /* AnimateSplash.swift */; };
		5E4275B92669D1F600906C26 /* About.swift in Sources */ = {isa = PBXBuildFile; fileRef = 5E4275B82669D1F600906C26 /* About.swift */; };
		5E4275C1266AE2BF00906C26 /* CompareSearchView.swift in Sources */ = {isa = PBXBuildFile; fileRef = 5E4275C0266AE2BF00906C26 /* CompareSearchView.swift */; };
		7502E83C2661E499003F6788 /* CardInfo.swift in Sources */ = {isa = PBXBuildFile; fileRef = 7502E83B2661E499003F6788 /* CardInfo.swift */; };
		7502E8402661E8F8003F6788 /* Nunito_Sans in Resources */ = {isa = PBXBuildFile; fileRef = 7502E83F2661E8F7003F6788 /* Nunito_Sans */; };
		75BA3BEF26687E0200C73D8E /* CustomTabs.swift in Sources */ = {isa = PBXBuildFile; fileRef = 75BA3BEE26687E0100C73D8E /* CustomTabs.swift */; };
		DB54B05E266D644E00D2C654 /* UserStorage.swift in Sources */ = {isa = PBXBuildFile; fileRef = DB54B05D266D644E00D2C654 /* UserStorage.swift */; };
		DB54B061266D684400D2C654 /* CardView.swift in Sources */ = {isa = PBXBuildFile; fileRef = DB54B060266D684400D2C654 /* CardView.swift */; };
		DB54B0A7266EA35B00D2C654 /* FavoritesView.swift in Sources */ = {isa = PBXBuildFile; fileRef = DB54B0A6266EA35A00D2C654 /* FavoritesView.swift */; };
		DB54B0AA266EB97F00D2C654 /* DeckView.swift in Sources */ = {isa = PBXBuildFile; fileRef = DB54B0A9266EB97F00D2C654 /* DeckView.swift */; };
/* End PBXBuildFile section */

/* Begin PBXFileReference section */
		2D08D4A8266879E7006BD687 /* HomeView.swift */ = {isa = PBXFileReference; lastKnownFileType = sourcecode.swift; path = HomeView.swift; sourceTree = "<group>"; };
		2D08D4AA26688262006BD687 /* HexToUIColor.swift */ = {isa = PBXFileReference; lastKnownFileType = sourcecode.swift; path = HexToUIColor.swift; sourceTree = "<group>"; };
		2D08D4AC26688719006BD687 /* APICaller.swift */ = {isa = PBXFileReference; lastKnownFileType = sourcecode.swift; path = APICaller.swift; sourceTree = "<group>"; };
		2D62E133265F043B0007B1B7 /* Ketchum.app */ = {isa = PBXFileReference; explicitFileType = wrapper.application; includeInIndex = 0; path = Ketchum.app; sourceTree = BUILT_PRODUCTS_DIR; };
		2D62E136265F043C0007B1B7 /* KetchumApp.swift */ = {isa = PBXFileReference; lastKnownFileType = sourcecode.swift; path = KetchumApp.swift; sourceTree = "<group>"; };
		2D62E138265F043C0007B1B7 /* ContentView.swift */ = {isa = PBXFileReference; lastKnownFileType = sourcecode.swift; path = ContentView.swift; sourceTree = "<group>"; };
		2D62E13A265F04480007B1B7 /* Assets.xcassets */ = {isa = PBXFileReference; lastKnownFileType = folder.assetcatalog; path = Assets.xcassets; sourceTree = "<group>"; };
		2D62E13D265F04480007B1B7 /* Preview Assets.xcassets */ = {isa = PBXFileReference; lastKnownFileType = folder.assetcatalog; path = "Preview Assets.xcassets"; sourceTree = "<group>"; };
		2D62E13F265F04480007B1B7 /* Info.plist */ = {isa = PBXFileReference; lastKnownFileType = text.plist.xml; path = Info.plist; sourceTree = "<group>"; };
		2D8FE844266D8EFE00D17351 /* ImageLoader.swift */ = {isa = PBXFileReference; lastKnownFileType = sourcecode.swift; path = ImageLoader.swift; sourceTree = "<group>"; };
		2D8FE846266D93C300D17351 /* ImageFromURLView.swift */ = {isa = PBXFileReference; lastKnownFileType = sourcecode.swift; path = ImageFromURLView.swift; sourceTree = "<group>"; };
		2DAAC268266832EC0019D849 /* CardDataModel.swift */ = {isa = PBXFileReference; lastKnownFileType = sourcecode.swift; path = CardDataModel.swift; sourceTree = "<group>"; };
		2DBFCA55266D7FC60027A94B /* SearchResultsView.swift */ = {isa = PBXFileReference; lastKnownFileType = sourcecode.swift; path = SearchResultsView.swift; sourceTree = "<group>"; };
		5E10FE0926696D83000BE6C1 /* Comparison.swift */ = {isa = PBXFileReference; lastKnownFileType = sourcecode.swift; path = Comparison.swift; sourceTree = "<group>"; };
		5E4275B62669D1E000906C26 /* AnimateSplash.swift */ = {isa = PBXFileReference; fileEncoding = 4; lastKnownFileType = sourcecode.swift; path = AnimateSplash.swift; sourceTree = "<group>"; };
		5E4275B82669D1F600906C26 /* About.swift */ = {isa = PBXFileReference; fileEncoding = 4; lastKnownFileType = sourcecode.swift; path = About.swift; sourceTree = "<group>"; };
		5E4275C0266AE2BF00906C26 /* CompareSearchView.swift */ = {isa = PBXFileReference; lastKnownFileType = sourcecode.swift; path = CompareSearchView.swift; sourceTree = "<group>"; };
		7502E83B2661E499003F6788 /* CardInfo.swift */ = {isa = PBXFileReference; lastKnownFileType = sourcecode.swift; path = CardInfo.swift; sourceTree = "<group>"; };
		7502E83F2661E8F7003F6788 /* Nunito_Sans */ = {isa = PBXFileReference; lastKnownFileType = folder; path = Nunito_Sans; sourceTree = "<group>"; };
		75BA3BEE26687E0100C73D8E /* CustomTabs.swift */ = {isa = PBXFileReference; lastKnownFileType = sourcecode.swift; path = CustomTabs.swift; sourceTree = "<group>"; };
		DB54B05D266D644E00D2C654 /* UserStorage.swift */ = {isa = PBXFileReference; lastKnownFileType = sourcecode.swift; path = UserStorage.swift; sourceTree = "<group>"; };
		DB54B060266D684400D2C654 /* CardView.swift */ = {isa = PBXFileReference; lastKnownFileType = sourcecode.swift; path = CardView.swift; sourceTree = "<group>"; };
		DB54B0A6266EA35A00D2C654 /* FavoritesView.swift */ = {isa = PBXFileReference; lastKnownFileType = sourcecode.swift; path = FavoritesView.swift; sourceTree = "<group>"; };
		DB54B0A9266EB97F00D2C654 /* DeckView.swift */ = {isa = PBXFileReference; lastKnownFileType = sourcecode.swift; path = DeckView.swift; sourceTree = "<group>"; };
/* End PBXFileReference section */

/* Begin PBXFrameworksBuildPhase section */
		2D62E130265F043B0007B1B7 /* Frameworks */ = {
			isa = PBXFrameworksBuildPhase;
			buildActionMask = 2147483647;
			files = (
			);
			runOnlyForDeploymentPostprocessing = 0;
		};
/* End PBXFrameworksBuildPhase section */

/* Begin PBXGroup section */
		2D62E12A265F043B0007B1B7 = {
			isa = PBXGroup;
			children = (
				DB54B0A9266EB97F00D2C654 /* DeckView.swift */,
				2D62E135265F043B0007B1B7 /* Ketchum */,
				2D62E134265F043B0007B1B7 /* Products */,
			);
			sourceTree = "<group>";
		};
		2D62E134265F043B0007B1B7 /* Products */ = {
			isa = PBXGroup;
			children = (
				2D62E133265F043B0007B1B7 /* Ketchum.app */,
			);
			name = Products;
			sourceTree = "<group>";
		};
		2D62E135265F043B0007B1B7 /* Ketchum */ = {
			isa = PBXGroup;
			children = (
				2D62E136265F043C0007B1B7 /* KetchumApp.swift */,
				2D62E138265F043C0007B1B7 /* ContentView.swift */,
				7502E83F2661E8F7003F6788 /* Nunito_Sans */,
				7502E83B2661E499003F6788 /* CardInfo.swift */,
				2D62E13A265F04480007B1B7 /* Assets.xcassets */,
				5E4275B62669D1E000906C26 /* AnimateSplash.swift */,
				2D62E13F265F04480007B1B7 /* Info.plist */,
				5E4275B82669D1F600906C26 /* About.swift */,
				2D62E13C265F04480007B1B7 /* Preview Content */,
				75BA3BEE26687E0100C73D8E /* CustomTabs.swift */,
				5E10FE0926696D83000BE6C1 /* Comparison.swift */,
				2DAAC268266832EC0019D849 /* CardDataModel.swift */,
				2D08D4A8266879E7006BD687 /* HomeView.swift */,
				2D08D4AA26688262006BD687 /* HexToUIColor.swift */,
				2D08D4AC26688719006BD687 /* APICaller.swift */,
				2DBFCA55266D7FC60027A94B /* SearchResultsView.swift */,
				5E4275C0266AE2BF00906C26 /* CompareSearchView.swift */,
				DB54B05D266D644E00D2C654 /* UserStorage.swift */,
				DB54B060266D684400D2C654 /* CardView.swift */,
				DB54B0A6266EA35A00D2C654 /* FavoritesView.swift */,
				2D8FE844266D8EFE00D17351 /* ImageLoader.swift */,
				2D8FE846266D93C300D17351 /* ImageFromURLView.swift */,
			);
			path = Ketchum;
			sourceTree = "<group>";
		};
		2D62E13C265F04480007B1B7 /* Preview Content */ = {
			isa = PBXGroup;
			children = (
				2D62E13D265F04480007B1B7 /* Preview Assets.xcassets */,
			);
			path = "Preview Content";
			sourceTree = "<group>";
		};
/* End PBXGroup section */

/* Begin PBXNativeTarget section */
		2D62E132265F043B0007B1B7 /* Ketchum */ = {
			isa = PBXNativeTarget;
			buildConfigurationList = 2D62E142265F04480007B1B7 /* Build configuration list for PBXNativeTarget "Ketchum" */;
			buildPhases = (
				2D62E12F265F043B0007B1B7 /* Sources */,
				2D62E130265F043B0007B1B7 /* Frameworks */,
				2D62E131265F043B0007B1B7 /* Resources */,
			);
			buildRules = (
			);
			dependencies = (
			);
			name = Ketchum;
			productName = Ketchum;
			productReference = 2D62E133265F043B0007B1B7 /* Ketchum.app */;
			productType = "com.apple.product-type.application";
		};
/* End PBXNativeTarget section */

/* Begin PBXProject section */
		2D62E12B265F043B0007B1B7 /* Project object */ = {
			isa = PBXProject;
			attributes = {
				LastSwiftUpdateCheck = 1250;
				LastUpgradeCheck = 1250;
				TargetAttributes = {
					2D62E132265F043B0007B1B7 = {
						CreatedOnToolsVersion = 12.5;
					};
				};
			};
			buildConfigurationList = 2D62E12E265F043B0007B1B7 /* Build configuration list for PBXProject "Ketchum" */;
			compatibilityVersion = "Xcode 9.3";
			developmentRegion = en;
			hasScannedForEncodings = 0;
			knownRegions = (
				en,
				Base,
			);
			mainGroup = 2D62E12A265F043B0007B1B7;
			productRefGroup = 2D62E134265F043B0007B1B7 /* Products */;
			projectDirPath = "";
			projectRoot = "";
			targets = (
				2D62E132265F043B0007B1B7 /* Ketchum */,
			);
		};
/* End PBXProject section */

/* Begin PBXResourcesBuildPhase section */
		2D62E131265F043B0007B1B7 /* Resources */ = {
			isa = PBXResourcesBuildPhase;
			buildActionMask = 2147483647;
			files = (
				7502E8402661E8F8003F6788 /* Nunito_Sans in Resources */,
				2D62E13E265F04480007B1B7 /* Preview Assets.xcassets in Resources */,
				2D62E13B265F04480007B1B7 /* Assets.xcassets in Resources */,
			);
			runOnlyForDeploymentPostprocessing = 0;
		};
/* End PBXResourcesBuildPhase section */

/* Begin PBXSourcesBuildPhase section */
		2D62E12F265F043B0007B1B7 /* Sources */ = {
			isa = PBXSourcesBuildPhase;
			buildActionMask = 2147483647;
			files = (
				2D62E139265F043C0007B1B7 /* ContentView.swift in Sources */,
				5E4275B92669D1F600906C26 /* About.swift in Sources */,
				2DAAC269266832EC0019D849 /* CardDataModel.swift in Sources */,
				7502E83C2661E499003F6788 /* CardInfo.swift in Sources */,
				DB54B061266D684400D2C654 /* CardView.swift in Sources */,
				DB54B05E266D644E00D2C654 /* UserStorage.swift in Sources */,
				2DBFCA56266D7FC60027A94B /* SearchResultsView.swift in Sources */,
				75BA3BEF26687E0200C73D8E /* CustomTabs.swift in Sources */,
				2D8FE847266D93C300D17351 /* ImageFromURLView.swift in Sources */,
				2D08D4AB26688262006BD687 /* HexToUIColor.swift in Sources */,
				5E4275C1266AE2BF00906C26 /* CompareSearchView.swift in Sources */,
				2D08D4AD26688719006BD687 /* APICaller.swift in Sources */,
				5E4275B72669D1E000906C26 /* AnimateSplash.swift in Sources */,
				2D8FE845266D8EFE00D17351 /* ImageLoader.swift in Sources */,
				7502E83C2661E499003F6788 /* CardInfo.swift in Sources */,
				DB54B0A7266EA35B00D2C654 /* FavoritesView.swift in Sources */,
				2D08D4A9266879E7006BD687 /* HomeView.swift in Sources */,
				2D62E137265F043C0007B1B7 /* KetchumApp.swift in Sources */,
				DB54B0AA266EB97F00D2C654 /* DeckView.swift in Sources */,
				5E10FE0A26696D83000BE6C1 /* Comparison.swift in Sources */,
			);
			runOnlyForDeploymentPostprocessing = 0;
		};
/* End PBXSourcesBuildPhase section */

/* Begin XCBuildConfiguration section */
		2D62E140265F04480007B1B7 /* Debug */ = {
			isa = XCBuildConfiguration;
			buildSettings = {
				ALWAYS_SEARCH_USER_PATHS = NO;
				CLANG_ANALYZER_NONNULL = YES;
				CLANG_ANALYZER_NUMBER_OBJECT_CONVERSION = YES_AGGRESSIVE;
				CLANG_CXX_LANGUAGE_STANDARD = "gnu++14";
				CLANG_CXX_LIBRARY = "libc++";
				CLANG_ENABLE_MODULES = YES;
				CLANG_ENABLE_OBJC_ARC = YES;
				CLANG_ENABLE_OBJC_WEAK = YES;
				CLANG_WARN_BLOCK_CAPTURE_AUTORELEASING = YES;
				CLANG_WARN_BOOL_CONVERSION = YES;
				CLANG_WARN_COMMA = YES;
				CLANG_WARN_CONSTANT_CONVERSION = YES;
				CLANG_WARN_DEPRECATED_OBJC_IMPLEMENTATIONS = YES;
				CLANG_WARN_DIRECT_OBJC_ISA_USAGE = YES_ERROR;
				CLANG_WARN_DOCUMENTATION_COMMENTS = YES;
				CLANG_WARN_EMPTY_BODY = YES;
				CLANG_WARN_ENUM_CONVERSION = YES;
				CLANG_WARN_INFINITE_RECURSION = YES;
				CLANG_WARN_INT_CONVERSION = YES;
				CLANG_WARN_NON_LITERAL_NULL_CONVERSION = YES;
				CLANG_WARN_OBJC_IMPLICIT_RETAIN_SELF = YES;
				CLANG_WARN_OBJC_LITERAL_CONVERSION = YES;
				CLANG_WARN_OBJC_ROOT_CLASS = YES_ERROR;
				CLANG_WARN_QUOTED_INCLUDE_IN_FRAMEWORK_HEADER = YES;
				CLANG_WARN_RANGE_LOOP_ANALYSIS = YES;
				CLANG_WARN_STRICT_PROTOTYPES = YES;
				CLANG_WARN_SUSPICIOUS_MOVE = YES;
				CLANG_WARN_UNGUARDED_AVAILABILITY = YES_AGGRESSIVE;
				CLANG_WARN_UNREACHABLE_CODE = YES;
				CLANG_WARN__DUPLICATE_METHOD_MATCH = YES;
				COPY_PHASE_STRIP = NO;
				DEBUG_INFORMATION_FORMAT = dwarf;
				ENABLE_STRICT_OBJC_MSGSEND = YES;
				ENABLE_TESTABILITY = YES;
				GCC_C_LANGUAGE_STANDARD = gnu11;
				GCC_DYNAMIC_NO_PIC = NO;
				GCC_NO_COMMON_BLOCKS = YES;
				GCC_OPTIMIZATION_LEVEL = 0;
				GCC_PREPROCESSOR_DEFINITIONS = (
					"DEBUG=1",
					"$(inherited)",
				);
				GCC_WARN_64_TO_32_BIT_CONVERSION = YES;
				GCC_WARN_ABOUT_RETURN_TYPE = YES_ERROR;
				GCC_WARN_UNDECLARED_SELECTOR = YES;
				GCC_WARN_UNINITIALIZED_AUTOS = YES_AGGRESSIVE;
				GCC_WARN_UNUSED_FUNCTION = YES;
				GCC_WARN_UNUSED_VARIABLE = YES;
				IPHONEOS_DEPLOYMENT_TARGET = 14.5;
				MTL_ENABLE_DEBUG_INFO = INCLUDE_SOURCE;
				MTL_FAST_MATH = YES;
				ONLY_ACTIVE_ARCH = YES;
				SDKROOT = iphoneos;
				SWIFT_ACTIVE_COMPILATION_CONDITIONS = DEBUG;
				SWIFT_OPTIMIZATION_LEVEL = "-Onone";
			};
			name = Debug;
		};
		2D62E141265F04480007B1B7 /* Release */ = {
			isa = XCBuildConfiguration;
			buildSettings = {
				ALWAYS_SEARCH_USER_PATHS = NO;
				CLANG_ANALYZER_NONNULL = YES;
				CLANG_ANALYZER_NUMBER_OBJECT_CONVERSION = YES_AGGRESSIVE;
				CLANG_CXX_LANGUAGE_STANDARD = "gnu++14";
				CLANG_CXX_LIBRARY = "libc++";
				CLANG_ENABLE_MODULES = YES;
				CLANG_ENABLE_OBJC_ARC = YES;
				CLANG_ENABLE_OBJC_WEAK = YES;
				CLANG_WARN_BLOCK_CAPTURE_AUTORELEASING = YES;
				CLANG_WARN_BOOL_CONVERSION = YES;
				CLANG_WARN_COMMA = YES;
				CLANG_WARN_CONSTANT_CONVERSION = YES;
				CLANG_WARN_DEPRECATED_OBJC_IMPLEMENTATIONS = YES;
				CLANG_WARN_DIRECT_OBJC_ISA_USAGE = YES_ERROR;
				CLANG_WARN_DOCUMENTATION_COMMENTS = YES;
				CLANG_WARN_EMPTY_BODY = YES;
				CLANG_WARN_ENUM_CONVERSION = YES;
				CLANG_WARN_INFINITE_RECURSION = YES;
				CLANG_WARN_INT_CONVERSION = YES;
				CLANG_WARN_NON_LITERAL_NULL_CONVERSION = YES;
				CLANG_WARN_OBJC_IMPLICIT_RETAIN_SELF = YES;
				CLANG_WARN_OBJC_LITERAL_CONVERSION = YES;
				CLANG_WARN_OBJC_ROOT_CLASS = YES_ERROR;
				CLANG_WARN_QUOTED_INCLUDE_IN_FRAMEWORK_HEADER = YES;
				CLANG_WARN_RANGE_LOOP_ANALYSIS = YES;
				CLANG_WARN_STRICT_PROTOTYPES = YES;
				CLANG_WARN_SUSPICIOUS_MOVE = YES;
				CLANG_WARN_UNGUARDED_AVAILABILITY = YES_AGGRESSIVE;
				CLANG_WARN_UNREACHABLE_CODE = YES;
				CLANG_WARN__DUPLICATE_METHOD_MATCH = YES;
				COPY_PHASE_STRIP = NO;
				DEBUG_INFORMATION_FORMAT = "dwarf-with-dsym";
				ENABLE_NS_ASSERTIONS = NO;
				ENABLE_STRICT_OBJC_MSGSEND = YES;
				GCC_C_LANGUAGE_STANDARD = gnu11;
				GCC_NO_COMMON_BLOCKS = YES;
				GCC_WARN_64_TO_32_BIT_CONVERSION = YES;
				GCC_WARN_ABOUT_RETURN_TYPE = YES_ERROR;
				GCC_WARN_UNDECLARED_SELECTOR = YES;
				GCC_WARN_UNINITIALIZED_AUTOS = YES_AGGRESSIVE;
				GCC_WARN_UNUSED_FUNCTION = YES;
				GCC_WARN_UNUSED_VARIABLE = YES;
				IPHONEOS_DEPLOYMENT_TARGET = 14.5;
				MTL_ENABLE_DEBUG_INFO = NO;
				MTL_FAST_MATH = YES;
				SDKROOT = iphoneos;
				SWIFT_COMPILATION_MODE = wholemodule;
				SWIFT_OPTIMIZATION_LEVEL = "-O";
				VALIDATE_PRODUCT = YES;
			};
			name = Release;
		};
		2D62E143265F04480007B1B7 /* Debug */ = {
			isa = XCBuildConfiguration;
			buildSettings = {
				ASSETCATALOG_COMPILER_APPICON_NAME = AppIcon;
				ASSETCATALOG_COMPILER_GLOBAL_ACCENT_COLOR_NAME = AccentColor;
				CODE_SIGN_STYLE = Automatic;
				DEVELOPMENT_ASSET_PATHS = "\"Ketchum/Preview Content\"";
				DEVELOPMENT_TEAM = FP5NS98CV7;
				ENABLE_PREVIEWS = YES;
				INFOPLIST_FILE = Ketchum/Info.plist;
				IPHONEOS_DEPLOYMENT_TARGET = 14.0;
				LD_RUNPATH_SEARCH_PATHS = (
					"$(inherited)",
					"@executable_path/Frameworks",
				);
				PRODUCT_BUNDLE_IDENTIFIER = com.uw.edu.limj27.Ketchum;
				PRODUCT_NAME = "$(TARGET_NAME)";
				SWIFT_VERSION = 5.0;
				TARGETED_DEVICE_FAMILY = "1,2";
			};
			name = Debug;
		};
		2D62E144265F04480007B1B7 /* Release */ = {
			isa = XCBuildConfiguration;
			buildSettings = {
				ASSETCATALOG_COMPILER_APPICON_NAME = AppIcon;
				ASSETCATALOG_COMPILER_GLOBAL_ACCENT_COLOR_NAME = AccentColor;
				CODE_SIGN_STYLE = Automatic;
				DEVELOPMENT_ASSET_PATHS = "\"Ketchum/Preview Content\"";
				DEVELOPMENT_TEAM = FP5NS98CV7;
				ENABLE_PREVIEWS = YES;
				INFOPLIST_FILE = Ketchum/Info.plist;
				IPHONEOS_DEPLOYMENT_TARGET = 14.0;
				LD_RUNPATH_SEARCH_PATHS = (
					"$(inherited)",
					"@executable_path/Frameworks",
				);
				PRODUCT_BUNDLE_IDENTIFIER = com.uw.edu.limj27.Ketchum;
				PRODUCT_NAME = "$(TARGET_NAME)";
				SWIFT_VERSION = 5.0;
				TARGETED_DEVICE_FAMILY = "1,2";
			};
			name = Release;
		};
/* End XCBuildConfiguration section */

/* Begin XCConfigurationList section */
		2D62E12E265F043B0007B1B7 /* Build configuration list for PBXProject "Ketchum" */ = {
			isa = XCConfigurationList;
			buildConfigurations = (
				2D62E140265F04480007B1B7 /* Debug */,
				2D62E141265F04480007B1B7 /* Release */,
			);
			defaultConfigurationIsVisible = 0;
			defaultConfigurationName = Release;
		};
		2D62E142265F04480007B1B7 /* Build configuration list for PBXNativeTarget "Ketchum" */ = {
			isa = XCConfigurationList;
			buildConfigurations = (
				2D62E143265F04480007B1B7 /* Debug */,
				2D62E144265F04480007B1B7 /* Release */,
			);
			defaultConfigurationIsVisible = 0;
			defaultConfigurationName = Release;
		};
/* End XCConfigurationList section */
	};
	rootObject = 2D62E12B265F043B0007B1B7 /* Project object */;
}
